
Microsoft Visual Studio Solution File, Format Version 12.00
# Visual Studio Version 16
VisualStudioVersion = 16.0.34031.81
MinimumVisualStudioVersion = 10.0.40219.1
Project("{FAE04EC0-301F-11D3-BF4B-00C04F79EFBC}") = "2001215783_DoanVanHoa", "BaiTapMau\2001215783_DoanVanHoa.csproj", "{72009F45-41BA-4627-B743-F5D7C348986F}"
EndProject
Global
	GlobalSection(SolutionConfigurationPlatforms) = preSolution
		Debug|Any CPU = Debug|Any CPU
		Release|Any CPU = Release|Any CPU
	EndGlobalSection
	GlobalSection(ProjectConfigurationPlatforms) = postSolution
		{72009F45-41BA-4627-B743-F5D7C348986F}.Debug|Any CPU.ActiveCfg = Debug|Any CPU
		{72009F45-41BA-4627-B743-F5D7C348986F}.Debug|Any CPU.Build.0 = Debug|Any CPU
		{72009F45-41BA-4627-B743-F5D7C348986F}.Release|Any CPU.ActiveCfg = Release|Any CPU
		{72009F45-41BA-4627-B743-F5D7C348986F}.Release|Any CPU.Build.0 = Release|Any CPU
	EndGlobalSection
	GlobalSection(SolutionProperties) = preSolution
		HideSolutionNode = FALSE
	EndGlobalSection
	GlobalSection(ExtensibilityGlobals) = postSolution
		SolutionGuid = {FCDE248A-7B7E-456D-87D6-2C900DDC9533}
	EndGlobalSection
EndGlobal
